
Microsoft Visual Studio Solution File, Format Version 12.00
# Visual Studio Version 16
VisualStudioVersion = 16.0.31112.23
MinimumVisualStudioVersion = 10.0.40219.1
Project("{FAE04EC0-301F-11D3-BF4B-00C04F79EFBC}") = "Shop Catalog", "Shop Catalog.csproj", "{2C058A95-B238-4BD9-8D29-33D87F10AD52}"
EndProject
Global
	GlobalSection(SolutionConfigurationPlatforms) = preSolution
		Debug|Any CPU = Debug|Any CPU
		Release|Any CPU = Release|Any CPU
	EndGlobalSection
	GlobalSection(ProjectConfigurationPlatforms) = postSolution
		{2C058A95-B238-4BD9-8D29-33D87F10AD52}.Debug|Any CPU.ActiveCfg = Debug|Any CPU
		{2C058A95-B238-4BD9-8D29-33D87F10AD52}.Debug|Any CPU.Build.0 = Debug|Any CPU
		{2C058A95-B238-4BD9-8D29-33D87F10AD52}.Release|Any CPU.ActiveCfg = Release|Any CPU
		{2C058A95-B238-4BD9-8D29-33D87F10AD52}.Release|Any CPU.Build.0 = Release|Any CPU
	EndGlobalSection
	GlobalSection(SolutionProperties) = preSolution
		HideSolutionNode = FALSE
	EndGlobalSection
	GlobalSection(ExtensibilityGlobals) = postSolution
		SolutionGuid = {CBDDA230-1318-41EB-9B1D-28D0AE032901}
	EndGlobalSection
EndGlobal
